
Microsoft Visual Studio Solution File, Format Version 12.00
# Visual Studio Version 17
VisualStudioVersion = 17.9.34701.34
MinimumVisualStudioVersion = 10.0.40219.1
Project("{888888A0-9F3D-457C-B088-3A5042F75D52}") = "exceljetpool", "exceljetpool\exceljetpool.pyproj", "{2D8354FA-180D-4E56-B85A-5720905C5463}"
EndProject
Global
	GlobalSection(SolutionConfigurationPlatforms) = preSolution
		Debug|Any CPU = Debug|Any CPU
		Release|Any CPU = Release|Any CPU
	EndGlobalSection
	GlobalSection(ProjectConfigurationPlatforms) = postSolution
		{2D8354FA-180D-4E56-B85A-5720905C5463}.Debug|Any CPU.ActiveCfg = Debug|Any CPU
		{2D8354FA-180D-4E56-B85A-5720905C5463}.Release|Any CPU.ActiveCfg = Release|Any CPU
	EndGlobalSection
	GlobalSection(SolutionProperties) = preSolution
		HideSolutionNode = FALSE
	EndGlobalSection
	GlobalSection(ExtensibilityGlobals) = postSolution
		SolutionGuid = {B1118B97-20F8-4108-8180-AB587E1997D2}
	EndGlobalSection
EndGlobal
